
Microsoft Visual Studio Solution File, Format Version 12.00
# Visual Studio Version 17
VisualStudioVersion = 17.14.36511.14 d17.14
MinimumVisualStudioVersion = 10.0.40219.1
Project("{FAE04EC0-301F-11D3-BF4B-00C04F79EFBC}") = "Socket_Cinema_Server", "Socket_Cinema_Server.csproj", "{8B9F62D1-F9AB-4174-B234-4F868D1A502C}"
EndProject
Global
	GlobalSection(SolutionConfigurationPlatforms) = preSolution
		Debug|Any CPU = Debug|Any CPU
		Release|Any CPU = Release|Any CPU
	EndGlobalSection
	GlobalSection(ProjectConfigurationPlatforms) = postSolution
		{8B9F62D1-F9AB-4174-B234-4F868D1A502C}.Debug|Any CPU.ActiveCfg = Debug|Any CPU
		{8B9F62D1-F9AB-4174-B234-4F868D1A502C}.Debug|Any CPU.Build.0 = Debug|Any CPU
		{8B9F62D1-F9AB-4174-B234-4F868D1A502C}.Release|Any CPU.ActiveCfg = Release|Any CPU
		{8B9F62D1-F9AB-4174-B234-4F868D1A502C}.Release|Any CPU.Build.0 = Release|Any CPU
	EndGlobalSection
	GlobalSection(SolutionProperties) = preSolution
		HideSolutionNode = FALSE
	EndGlobalSection
	GlobalSection(ExtensibilityGlobals) = postSolution
		SolutionGuid = {5289B4DB-44AC-46A8-91C5-4B131FBE6418}
	EndGlobalSection
EndGlobal
