
Microsoft Visual Studio Solution File, Format Version 12.00
# Visual Studio Version 17
VisualStudioVersion = 17.14.36511.14 d17.14
MinimumVisualStudioVersion = 10.0.40219.1
Project("{FAE04EC0-301F-11D3-BF4B-00C04F79EFBC}") = "Socket_Cinema", "Socket_Cinema.csproj", "{80503647-3BB6-4264-88EC-CE6B2734B419}"
EndProject
Global
	GlobalSection(SolutionConfigurationPlatforms) = preSolution
		Debug|Any CPU = Debug|Any CPU
		Release|Any CPU = Release|Any CPU
	EndGlobalSection
	GlobalSection(ProjectConfigurationPlatforms) = postSolution
		{80503647-3BB6-4264-88EC-CE6B2734B419}.Debug|Any CPU.ActiveCfg = Debug|Any CPU
		{80503647-3BB6-4264-88EC-CE6B2734B419}.Debug|Any CPU.Build.0 = Debug|Any CPU
		{80503647-3BB6-4264-88EC-CE6B2734B419}.Release|Any CPU.ActiveCfg = Release|Any CPU
		{80503647-3BB6-4264-88EC-CE6B2734B419}.Release|Any CPU.Build.0 = Release|Any CPU
	EndGlobalSection
	GlobalSection(SolutionProperties) = preSolution
		HideSolutionNode = FALSE
	EndGlobalSection
	GlobalSection(ExtensibilityGlobals) = postSolution
		SolutionGuid = {E3BB1B64-A523-4F5A-AF8F-5CF24DB71C87}
	EndGlobalSection
EndGlobal
